// !$*UTF8*$!
{
	archiveVersion = 1;
	classes = {
	};
	objectVersion = 77;
	objects = {

/* Begin PBXBuildFile section */
		EB4161722EAD895900BC4B50 /* GoogleService-Info.plist in Resources */ = {isa = PBXBuildFile; fileRef = EB4161712EAD895900BC4B50 /* GoogleService-Info.plist */; };
		EB4161742EAD8A4200BC4B50 /* FirebaseCore in Frameworks */ = {isa = PBXBuildFile; productRef = EB4161732EAD8A4200BC4B50 /* FirebaseCore */; };
		EB4161762EAD8A4200BC4B50 /* FirebaseCrashlytics in Frameworks */ = {isa = PBXBuildFile; productRef = EB4161752EAD8A4200BC4B50 /* FirebaseCrashlytics */; };
		EB4161792EAD8A9000BC4B50 /* FirebaseAnalytics in Frameworks */ = {isa = PBXBuildFile; productRef = EB4161782EAD8A9000BC4B50 /* FirebaseAnalytics */; };
		EB41617B2EAD8A9000BC4B50 /* FirebaseAnalyticsCore in Frameworks */ = {isa = PBXBuildFile; productRef = EB41617A2EAD8A9000BC4B50 /* FirebaseAnalyticsCore */; };
		EB41617D2EAD8A9000BC4B50 /* FirebaseCore in Frameworks */ = {isa = PBXBuildFile; productRef = EB41617C2EAD8A9000BC4B50 /* FirebaseCore */; };
		EB41617F2EAD8A9000BC4B50 /* FirebaseCrashlytics in Frameworks */ = {isa = PBXBuildFile; productRef = EB41617E2EAD8A9000BC4B50 /* FirebaseCrashlytics */; };
		EB41646C2EB0051000BC4B50 /* StoreKit.framework in Frameworks */ = {isa = PBXBuildFile; fileRef = EB41646B2EB0051000BC4B50 /* StoreKit.framework */; };
		EB4164722EB0247000BC4B50 /* Premium.storekit in Resources */ = {isa = PBXBuildFile; fileRef = EB4164712EB0247000BC4B50 /* Premium.storekit */; };
		EB4A63FF2EA67EA300EACBDE /* GoogleMobileAds in Frameworks */ = {isa = PBXBuildFile; productRef = EB4A63FE2EA67EA300EACBDE /* GoogleMobileAds */; };
		EB6FBF7C2EA79D2D00A4740E /* LBTATools in Frameworks */ = {isa = PBXBuildFile; productRef = EB6FBF7B2EA79D2D00A4740E /* LBTATools */; };
		EB82BC732EAAB6F0005FDC0B /* WidgetKit.framework in Frameworks */ = {isa = PBXBuildFile; fileRef = EB82BC722EAAB6F0005FDC0B /* WidgetKit.framework */; };
		EB82BC752EAAB6F0005FDC0B /* SwiftUI.framework in Frameworks */ = {isa = PBXBuildFile; fileRef = EB82BC742EAAB6F0005FDC0B /* SwiftUI.framework */; };
		EB82BC862EAAB6F1005FDC0B /* TimetableWidgetExtension.appex in Embed Foundation Extensions */ = {isa = PBXBuildFile; fileRef = EB82BC702EAAB6F0005FDC0B /* TimetableWidgetExtension.appex */; settings = {ATTRIBUTES = (RemoveHeadersOnCopy, ); }; };
/* End PBXBuildFile section */

/* Begin PBXContainerItemProxy section */
		EB82BC842EAAB6F1005FDC0B /* PBXContainerItemProxy */ = {
			isa = PBXContainerItemProxy;
			containerPortal = EBA0262C2EA1CC140010F32D /* Project object */;
			proxyType = 1;
			remoteGlobalIDString = EB82BC6F2EAAB6F0005FDC0B;
			remoteInfo = TimetableWidgetExtension;
		};
/* End PBXContainerItemProxy section */

/* Begin PBXCopyFilesBuildPhase section */
		EB82BC8B2EAAB6F1005FDC0B /* Embed Foundation Extensions */ = {
			isa = PBXCopyFilesBuildPhase;
			buildActionMask = 2147483647;
			dstPath = "";
			dstSubfolderSpec = 13;
			files = (
				EB82BC862EAAB6F1005FDC0B /* TimetableWidgetExtension.appex in Embed Foundation Extensions */,
			);
			name = "Embed Foundation Extensions";
			runOnlyForDeploymentPostprocessing = 0;
		};
/* End PBXCopyFilesBuildPhase section */

/* Begin PBXFileReference section */
		EB4161712EAD895900BC4B50 /* GoogleService-Info.plist */ = {isa = PBXFileReference; lastKnownFileType = text.plist.xml; path = "GoogleService-Info.plist"; sourceTree = "<group>"; };
		EB41646B2EB0051000BC4B50 /* StoreKit.framework */ = {isa = PBXFileReference; lastKnownFileType = wrapper.framework; name = StoreKit.framework; path = System/Library/Frameworks/StoreKit.framework; sourceTree = SDKROOT; };
		EB4164712EB0247000BC4B50 /* Premium.storekit */ = {isa = PBXFileReference; lastKnownFileType = text; path = Premium.storekit; sourceTree = "<group>"; };
		EB82BC702EAAB6F0005FDC0B /* TimetableWidgetExtension.appex */ = {isa = PBXFileReference; explicitFileType = "wrapper.app-extension"; includeInIndex = 0; path = TimetableWidgetExtension.appex; sourceTree = BUILT_PRODUCTS_DIR; };
		EB82BC722EAAB6F0005FDC0B /* WidgetKit.framework */ = {isa = PBXFileReference; lastKnownFileType = wrapper.framework; name = WidgetKit.framework; path = System/Library/Frameworks/WidgetKit.framework; sourceTree = SDKROOT; };
		EB82BC742EAAB6F0005FDC0B /* SwiftUI.framework */ = {isa = PBXFileReference; lastKnownFileType = wrapper.framework; name = SwiftUI.framework; path = System/Library/Frameworks/SwiftUI.framework; sourceTree = SDKROOT; };
		EB82BCA32EAABC25005FDC0B /* TimetableWidgetExtension.entitlements */ = {isa = PBXFileReference; lastKnownFileType = text.plist.entitlements; path = TimetableWidgetExtension.entitlements; sourceTree = "<group>"; };
		EBA026342EA1CC140010F32D /* Timetable DSW.app */ = {isa = PBXFileReference; explicitFileType = wrapper.application; includeInIndex = 0; path = "Timetable DSW.app"; sourceTree = BUILT_PRODUCTS_DIR; };
/* End PBXFileReference section */

/* Begin PBXFileSystemSynchronizedBuildFileExceptionSet section */
		EB82BC872EAAB6F1005FDC0B /* Exceptions for "TimetableWidget" folder in "TimetableWidgetExtension" target */ = {
			isa = PBXFileSystemSynchronizedBuildFileExceptionSet;
			membershipExceptions = (
				Info.plist,
			);
			target = EB82BC6F2EAAB6F0005FDC0B /* TimetableWidgetExtension */;
		};
		EB82BC9B2EAAB77F005FDC0B /* Exceptions for "Timetable DSW" folder in "TimetableWidgetExtension" target */ = {
			isa = PBXFileSystemSynchronizedBuildFileExceptionSet;
			membershipExceptions = (
				Core/DesignSystem/Icons/AppIcon.swift,
				Core/DesignSystem/Themes/AppTheme.swift,
				Core/Localization/LocalizedString.swift,
				Models/GroupScheduleResponse.swift,
				Models/ScheduleEvent.swift,
				Resources/Localizable.xcstrings,
				Services/DateService/DateService.swift,
				Services/DateService/DefaultDateService.swift,
				Services/EventTypeDetector/DefaultEventTypeDetector.swift,
				Services/EventTypeDetector/EventType.swift,
			);
			target = EB82BC6F2EAAB6F0005FDC0B /* TimetableWidgetExtension */;
		};
/* End PBXFileSystemSynchronizedBuildFileExceptionSet section */

/* Begin PBXFileSystemSynchronizedRootGroup section */
		EB82BC762EAAB6F0005FDC0B /* TimetableWidget */ = {
			isa = PBXFileSystemSynchronizedRootGroup;
			exceptions = (
				EB82BC872EAAB6F1005FDC0B /* Exceptions for "TimetableWidget" folder in "TimetableWidgetExtension" target */,
			);
			path = TimetableWidget;
			sourceTree = "<group>";
		};
		EBA026362EA1CC140010F32D /* Timetable DSW */ = {
			isa = PBXFileSystemSynchronizedRootGroup;
			exceptions = (
				EB82BC9B2EAAB77F005FDC0B /* Exceptions for "Timetable DSW" folder in "TimetableWidgetExtension" target */,
			);
			path = "Timetable DSW";
			sourceTree = "<group>";
		};
/* End PBXFileSystemSynchronizedRootGroup section */

/* Begin PBXFrameworksBuildPhase section */
		EB82BC6D2EAAB6F0005FDC0B /* Frameworks */ = {
			isa = PBXFrameworksBuildPhase;
			buildActionMask = 2147483647;
			files = (
				EB82BC752EAAB6F0005FDC0B /* SwiftUI.framework in Frameworks */,
				EB82BC732EAAB6F0005FDC0B /* WidgetKit.framework in Frameworks */,
			);
			runOnlyForDeploymentPostprocessing = 0;
		};
		EBA026312EA1CC140010F32D /* Frameworks */ = {
			isa = PBXFrameworksBuildPhase;
			buildActionMask = 2147483647;
			files = (
				EB41646C2EB0051000BC4B50 /* StoreKit.framework in Frameworks */,
				EB4A63FF2EA67EA300EACBDE /* GoogleMobileAds in Frameworks */,
				EB41617B2EAD8A9000BC4B50 /* FirebaseAnalyticsCore in Frameworks */,
				EB6FBF7C2EA79D2D00A4740E /* LBTATools in Frameworks */,
				EB4161762EAD8A4200BC4B50 /* FirebaseCrashlytics in Frameworks */,
				EB41617D2EAD8A9000BC4B50 /* FirebaseCore in Frameworks */,
				EB41617F2EAD8A9000BC4B50 /* FirebaseCrashlytics in Frameworks */,
				EB4161792EAD8A9000BC4B50 /* FirebaseAnalytics in Frameworks */,
				EB4161742EAD8A4200BC4B50 /* FirebaseCore in Frameworks */,
			);
			runOnlyForDeploymentPostprocessing = 0;
		};
/* End PBXFrameworksBuildPhase section */

/* Begin PBXGroup section */
		EB82BC712EAAB6F0005FDC0B /* Frameworks */ = {
			isa = PBXGroup;
			children = (
				EB41646B2EB0051000BC4B50 /* StoreKit.framework */,
				EB82BC722EAAB6F0005FDC0B /* WidgetKit.framework */,
				EB82BC742EAAB6F0005FDC0B /* SwiftUI.framework */,
			);
			name = Frameworks;
			sourceTree = "<group>";
		};
		EBA0262B2EA1CC140010F32D = {
			isa = PBXGroup;
			children = (
				EB4164712EB0247000BC4B50 /* Premium.storekit */,
				EB4161712EAD895900BC4B50 /* GoogleService-Info.plist */,
				EB82BCA32EAABC25005FDC0B /* TimetableWidgetExtension.entitlements */,
				EBA026362EA1CC140010F32D /* Timetable DSW */,
				EB82BC762EAAB6F0005FDC0B /* TimetableWidget */,
				EB82BC712EAAB6F0005FDC0B /* Frameworks */,
				EBA026352EA1CC140010F32D /* Products */,
			);
			sourceTree = "<group>";
		};
		EBA026352EA1CC140010F32D /* Products */ = {
			isa = PBXGroup;
			children = (
				EBA026342EA1CC140010F32D /* Timetable DSW.app */,
				EB82BC702EAAB6F0005FDC0B /* TimetableWidgetExtension.appex */,
			);
			name = Products;
			sourceTree = "<group>";
		};
/* End PBXGroup section */

/* Begin PBXNativeTarget section */
		EB82BC6F2EAAB6F0005FDC0B /* TimetableWidgetExtension */ = {
			isa = PBXNativeTarget;
			buildConfigurationList = EB82BC882EAAB6F1005FDC0B /* Build configuration list for PBXNativeTarget "TimetableWidgetExtension" */;
			buildPhases = (
				EB82BC6C2EAAB6F0005FDC0B /* Sources */,
				EB82BC6D2EAAB6F0005FDC0B /* Frameworks */,
				EB82BC6E2EAAB6F0005FDC0B /* Resources */,
			);
			buildRules = (
			);
			dependencies = (
			);
			fileSystemSynchronizedGroups = (
				EB82BC762EAAB6F0005FDC0B /* TimetableWidget */,
			);
			name = TimetableWidgetExtension;
			packageProductDependencies = (
			);
			productName = TimetableWidgetExtension;
			productReference = EB82BC702EAAB6F0005FDC0B /* TimetableWidgetExtension.appex */;
			productType = "com.apple.product-type.app-extension";
		};
		EBA026332EA1CC140010F32D /* Timetable DSW */ = {
			isa = PBXNativeTarget;
			buildConfigurationList = EBA0263F2EA1CC150010F32D /* Build configuration list for PBXNativeTarget "Timetable DSW" */;
			buildPhases = (
				EBA026302EA1CC140010F32D /* Sources */,
				EBA026312EA1CC140010F32D /* Frameworks */,
				EBA026322EA1CC140010F32D /* Resources */,
				EB82BC8B2EAAB6F1005FDC0B /* Embed Foundation Extensions */,
				EB4161802EAD8CDC00BC4B50 /* Firebase DSYM */,
			);
			buildRules = (
			);
			dependencies = (
				EB82BC852EAAB6F1005FDC0B /* PBXTargetDependency */,
			);
			fileSystemSynchronizedGroups = (
				EBA026362EA1CC140010F32D /* Timetable DSW */,
			);
			name = "Timetable DSW";
			packageProductDependencies = (
				EB4A63FE2EA67EA300EACBDE /* GoogleMobileAds */,
				EB6FBF7B2EA79D2D00A4740E /* LBTATools */,
				EB4161732EAD8A4200BC4B50 /* FirebaseCore */,
				EB4161752EAD8A4200BC4B50 /* FirebaseCrashlytics */,
				EB4161782EAD8A9000BC4B50 /* FirebaseAnalytics */,
				EB41617A2EAD8A9000BC4B50 /* FirebaseAnalyticsCore */,
				EB41617C2EAD8A9000BC4B50 /* FirebaseCore */,
				EB41617E2EAD8A9000BC4B50 /* FirebaseCrashlytics */,
			);
			productName = "Timetable DSW";
			productReference = EBA026342EA1CC140010F32D /* Timetable DSW.app */;
			productType = "com.apple.product-type.application";
		};
/* End PBXNativeTarget section */

/* Begin PBXProject section */
		EBA0262C2EA1CC140010F32D /* Project object */ = {
			isa = PBXProject;
			attributes = {
				BuildIndependentTargetsInParallel = 1;
				LastSwiftUpdateCheck = 2600;
				LastUpgradeCheck = 2600;
				TargetAttributes = {
					EB82BC6F2EAAB6F0005FDC0B = {
						CreatedOnToolsVersion = 26.0;
					};
					EBA026332EA1CC140010F32D = {
						CreatedOnToolsVersion = 26.0;
						LastSwiftMigration = 2600;
					};
				};
			};
			buildConfigurationList = EBA0262F2EA1CC140010F32D /* Build configuration list for PBXProject "Timetable DSW" */;
			developmentRegion = pl;
			hasScannedForEncodings = 0;
			knownRegions = (
				en,
				Base,
				pl,
				uk,
			);
			mainGroup = EBA0262B2EA1CC140010F32D;
			minimizedProjectReferenceProxies = 1;
			packageReferences = (
				EB4A63FD2EA67EA300EACBDE /* XCRemoteSwiftPackageReference "swift-package-manager-google-mobile-ads" */,
				EB6FBF7A2EA79D2D00A4740E /* XCRemoteSwiftPackageReference "LBTATools" */,
				EB4161772EAD8A9000BC4B50 /* XCRemoteSwiftPackageReference "firebase-ios-sdk" */,
			);
			preferredProjectObjectVersion = 77;
			productRefGroup = EBA026352EA1CC140010F32D /* Products */;
			projectDirPath = "";
			projectRoot = "";
			targets = (
				EBA026332EA1CC140010F32D /* Timetable DSW */,
				EB82BC6F2EAAB6F0005FDC0B /* TimetableWidgetExtension */,
			);
		};
/* End PBXProject section */

/* Begin PBXResourcesBuildPhase section */
		EB82BC6E2EAAB6F0005FDC0B /* Resources */ = {
			isa = PBXResourcesBuildPhase;
			buildActionMask = 2147483647;
			files = (
			);
			runOnlyForDeploymentPostprocessing = 0;
		};
		EBA026322EA1CC140010F32D /* Resources */ = {
			isa = PBXResourcesBuildPhase;
			buildActionMask = 2147483647;
			files = (
				EB4164722EB0247000BC4B50 /* Premium.storekit in Resources */,
				EB4161722EAD895900BC4B50 /* GoogleService-Info.plist in Resources */,
			);
			runOnlyForDeploymentPostprocessing = 0;
		};
/* End PBXResourcesBuildPhase section */

/* Begin PBXShellScriptBuildPhase section */
		EB4161802EAD8CDC00BC4B50 /* Firebase DSYM */ = {
			isa = PBXShellScriptBuildPhase;
			buildActionMask = 2147483647;
			files = (
			);
			inputFileListPaths = (
			);
			inputPaths = (
				"${DWARF_DSYM_FOLDER_PATH}/${DWARF_DSYM_FILE_NAME}",
				"${DWARF_DSYM_FOLDER_PATH}/${DWARF_DSYM_FILE_NAME}/Contents/Resources/DWARF/${PRODUCT_NAME}",
				"${DWARF_DSYM_FOLDER_PATH}/${DWARF_DSYM_FILE_NAME}/Contents/Info.plist",
				"$(TARGET_BUILD_DIR)/$(UNLOCALIZED_RESOURCES_FOLDER_PATH)/GoogleService-Info.plist",
				"$(TARGET_BUILD_DIR)/$(EXECUTABLE_PATH)",
				"${DWARF_DSYM_FOLDER_PATH}/${DWARF_DSYM_FILE_NAME}/Contents/Resources/DWARF/${PRODUCT_NAME}.debug.dylib",
			);
			name = "Firebase DSYM";
			outputFileListPaths = (
			);
			outputPaths = (
			);
			runOnlyForDeploymentPostprocessing = 0;
			shellPath = /bin/sh;
			shellScript = "\"${BUILD_DIR%/Build/*}/SourcePackages/checkouts/firebase-ios-sdk/Crashlytics/run\"\n";
		};
/* End PBXShellScriptBuildPhase section */

/* Begin PBXSourcesBuildPhase section */
		EB82BC6C2EAAB6F0005FDC0B /* Sources */ = {
			isa = PBXSourcesBuildPhase;
			buildActionMask = 2147483647;
			files = (
			);
			runOnlyForDeploymentPostprocessing = 0;
		};
		EBA026302EA1CC140010F32D /* Sources */ = {
			isa = PBXSourcesBuildPhase;
			buildActionMask = 2147483647;
			files = (
			);
			runOnlyForDeploymentPostprocessing = 0;
		};
/* End PBXSourcesBuildPhase section */

/* Begin PBXTargetDependency section */
		EB82BC852EAAB6F1005FDC0B /* PBXTargetDependency */ = {
			isa = PBXTargetDependency;
			target = EB82BC6F2EAAB6F0005FDC0B /* TimetableWidgetExtension */;
			targetProxy = EB82BC842EAAB6F1005FDC0B /* PBXContainerItemProxy */;
		};
/* End PBXTargetDependency section */

/* Begin XCBuildConfiguration section */
		EB82BC892EAAB6F1005FDC0B /* Debug */ = {
			isa = XCBuildConfiguration;
			buildSettings = {
				ASSETCATALOG_COMPILER_GLOBAL_ACCENT_COLOR_NAME = AccentColor;
				ASSETCATALOG_COMPILER_WIDGET_BACKGROUND_COLOR_NAME = WidgetBackground;
				CODE_SIGN_ENTITLEMENTS = TimetableWidgetExtension.entitlements;
				CODE_SIGN_STYLE = Automatic;
				CURRENT_PROJECT_VERSION = 1;
				DEVELOPMENT_TEAM = 4L4UDM2XTU;
				GENERATE_INFOPLIST_FILE = YES;
				INFOPLIST_FILE = TimetableWidget/Info.plist;
				INFOPLIST_KEY_CFBundleDisplayName = TimetableWidget;
				INFOPLIST_KEY_NSHumanReadableCopyright = "";
				IPHONEOS_DEPLOYMENT_TARGET = 18.0;
				LD_RUNPATH_SEARCH_PATHS = (
					"$(inherited)",
					"@executable_path/Frameworks",
					"@executable_path/../../Frameworks",
				);
				MARKETING_VERSION = 1.0.3;
				OTHER_SWIFT_FLAGS = "-DAPPEXTENSION";
				PRODUCT_BUNDLE_IDENTIFIER = "org.laptenok.Timetable-DSW.rl.TimetableWidget";
				PRODUCT_NAME = "$(TARGET_NAME)";
				SKIP_INSTALL = YES;
				STRING_CATALOG_GENERATE_SYMBOLS = YES;
				SWIFT_APPROACHABLE_CONCURRENCY = YES;
				SWIFT_EMIT_LOC_STRINGS = YES;
				SWIFT_UPCOMING_FEATURE_MEMBER_IMPORT_VISIBILITY = YES;
				SWIFT_VERSION = 5.0;
				TARGETED_DEVICE_FAMILY = "1,2";
			};
			name = Debug;
		};
		EB82BC8A2EAAB6F1005FDC0B /* Release */ = {
			isa = XCBuildConfiguration;
			buildSettings = {
				ASSETCATALOG_COMPILER_GLOBAL_ACCENT_COLOR_NAME = AccentColor;
				ASSETCATALOG_COMPILER_WIDGET_BACKGROUND_COLOR_NAME = WidgetBackground;
				CODE_SIGN_ENTITLEMENTS = TimetableWidgetExtension.entitlements;
				CODE_SIGN_STYLE = Automatic;
				CURRENT_PROJECT_VERSION = 1;
				DEVELOPMENT_TEAM = 4L4UDM2XTU;
				GENERATE_INFOPLIST_FILE = YES;
				INFOPLIST_FILE = TimetableWidget/Info.plist;
				INFOPLIST_KEY_CFBundleDisplayName = TimetableWidget;
				INFOPLIST_KEY_NSHumanReadableCopyright = "";
				IPHONEOS_DEPLOYMENT_TARGET = 18.0;
				LD_RUNPATH_SEARCH_PATHS = (
					"$(inherited)",
					"@executable_path/Frameworks",
					"@executable_path/../../Frameworks",
				);
				MARKETING_VERSION = 1.0.3;
				OTHER_SWIFT_FLAGS = "-DAPPEXTENSION";
				PRODUCT_BUNDLE_IDENTIFIER = "org.laptenok.Timetable-DSW.rl.TimetableWidget";
				PRODUCT_NAME = "$(TARGET_NAME)";
				SKIP_INSTALL = YES;
				STRING_CATALOG_GENERATE_SYMBOLS = YES;
				SWIFT_APPROACHABLE_CONCURRENCY = YES;
				SWIFT_EMIT_LOC_STRINGS = YES;
				SWIFT_UPCOMING_FEATURE_MEMBER_IMPORT_VISIBILITY = YES;
				SWIFT_VERSION = 5.0;
				TARGETED_DEVICE_FAMILY = "1,2";
			};
			name = Release;
		};
		EBA0263D2EA1CC150010F32D /* Debug */ = {
			isa = XCBuildConfiguration;
			buildSettings = {
				ALWAYS_SEARCH_USER_PATHS = NO;
				ASSETCATALOG_COMPILER_GENERATE_SWIFT_ASSET_SYMBOL_EXTENSIONS = YES;
				CLANG_ANALYZER_NONNULL = YES;
				CLANG_ANALYZER_NUMBER_OBJECT_CONVERSION = YES_AGGRESSIVE;
				CLANG_CXX_LANGUAGE_STANDARD = "gnu++20";
				CLANG_ENABLE_MODULES = YES;
				CLANG_ENABLE_OBJC_ARC = YES;
				CLANG_ENABLE_OBJC_WEAK = YES;
				CLANG_WARN_BLOCK_CAPTURE_AUTORELEASING = YES;
				CLANG_WARN_BOOL_CONVERSION = YES;
				CLANG_WARN_COMMA = YES;
				CLANG_WARN_CONSTANT_CONVERSION = YES;
				CLANG_WARN_DEPRECATED_OBJC_IMPLEMENTATIONS = YES;
				CLANG_WARN_DIRECT_OBJC_ISA_USAGE = YES_ERROR;
				CLANG_WARN_DOCUMENTATION_COMMENTS = YES;
				CLANG_WARN_EMPTY_BODY = YES;
				CLANG_WARN_ENUM_CONVERSION = YES;
				CLANG_WARN_INFINITE_RECURSION = YES;
				CLANG_WARN_INT_CONVERSION = YES;
				CLANG_WARN_NON_LITERAL_NULL_CONVERSION = YES;
				CLANG_WARN_OBJC_IMPLICIT_RETAIN_SELF = YES;
				CLANG_WARN_OBJC_LITERAL_CONVERSION = YES;
				CLANG_WARN_OBJC_ROOT_CLASS = YES_ERROR;
				CLANG_WARN_QUOTED_INCLUDE_IN_FRAMEWORK_HEADER = YES;
				CLANG_WARN_RANGE_LOOP_ANALYSIS = YES;
				CLANG_WARN_STRICT_PROTOTYPES = YES;
				CLANG_WARN_SUSPICIOUS_MOVE = YES;
				CLANG_WARN_UNGUARDED_AVAILABILITY = YES_AGGRESSIVE;
				CLANG_WARN_UNREACHABLE_CODE = YES;
				CLANG_WARN__DUPLICATE_METHOD_MATCH = YES;
				COPY_PHASE_STRIP = NO;
				DEBUG_INFORMATION_FORMAT = dwarf;
				DEVELOPMENT_TEAM = YBD3AD74KG;
				ENABLE_STRICT_OBJC_MSGSEND = YES;
				ENABLE_TESTABILITY = YES;
				ENABLE_USER_SCRIPT_SANDBOXING = YES;
				GCC_C_LANGUAGE_STANDARD = gnu17;
				GCC_DYNAMIC_NO_PIC = NO;
				GCC_NO_COMMON_BLOCKS = YES;
				GCC_OPTIMIZATION_LEVEL = 0;
				GCC_PREPROCESSOR_DEFINITIONS = (
					"DEBUG=1",
					"$(inherited)",
				);
				GCC_WARN_64_TO_32_BIT_CONVERSION = YES;
				GCC_WARN_ABOUT_RETURN_TYPE = YES_ERROR;
				GCC_WARN_UNDECLARED_SELECTOR = YES;
				GCC_WARN_UNINITIALIZED_AUTOS = YES_AGGRESSIVE;
				GCC_WARN_UNUSED_FUNCTION = YES;
				GCC_WARN_UNUSED_VARIABLE = YES;
				IPHONEOS_DEPLOYMENT_TARGET = 26.0;
				LOCALIZATION_PREFERS_STRING_CATALOGS = YES;
				MTL_ENABLE_DEBUG_INFO = INCLUDE_SOURCE;
				MTL_FAST_MATH = YES;
				ONLY_ACTIVE_ARCH = YES;
				SDKROOT = iphoneos;
				SWIFT_ACTIVE_COMPILATION_CONDITIONS = "DEBUG $(inherited)";
				SWIFT_EMIT_LOC_STRINGS = YES;
				SWIFT_OPTIMIZATION_LEVEL = "-Onone";
			};
			name = Debug;
		};
		EBA0263E2EA1CC150010F32D /* Release */ = {
			isa = XCBuildConfiguration;
			buildSettings = {
				ALWAYS_SEARCH_USER_PATHS = NO;
				ASSETCATALOG_COMPILER_GENERATE_SWIFT_ASSET_SYMBOL_EXTENSIONS = YES;
				CLANG_ANALYZER_NONNULL = YES;
				CLANG_ANALYZER_NUMBER_OBJECT_CONVERSION = YES_AGGRESSIVE;
				CLANG_CXX_LANGUAGE_STANDARD = "gnu++20";
				CLANG_ENABLE_MODULES = YES;
				CLANG_ENABLE_OBJC_ARC = YES;
				CLANG_ENABLE_OBJC_WEAK = YES;
				CLANG_WARN_BLOCK_CAPTURE_AUTORELEASING = YES;
				CLANG_WARN_BOOL_CONVERSION = YES;
				CLANG_WARN_COMMA = YES;
				CLANG_WARN_CONSTANT_CONVERSION = YES;
				CLANG_WARN_DEPRECATED_OBJC_IMPLEMENTATIONS = YES;
				CLANG_WARN_DIRECT_OBJC_ISA_USAGE = YES_ERROR;
				CLANG_WARN_DOCUMENTATION_COMMENTS = YES;
				CLANG_WARN_EMPTY_BODY = YES;
				CLANG_WARN_ENUM_CONVERSION = YES;
				CLANG_WARN_INFINITE_RECURSION = YES;
				CLANG_WARN_INT_CONVERSION = YES;
				CLANG_WARN_NON_LITERAL_NULL_CONVERSION = YES;
				CLANG_WARN_OBJC_IMPLICIT_RETAIN_SELF = YES;
				CLANG_WARN_OBJC_LITERAL_CONVERSION = YES;
				CLANG_WARN_OBJC_ROOT_CLASS = YES_ERROR;
				CLANG_WARN_QUOTED_INCLUDE_IN_FRAMEWORK_HEADER = YES;
				CLANG_WARN_RANGE_LOOP_ANALYSIS = YES;
				CLANG_WARN_STRICT_PROTOTYPES = YES;
				CLANG_WARN_SUSPICIOUS_MOVE = YES;
				CLANG_WARN_UNGUARDED_AVAILABILITY = YES_AGGRESSIVE;
				CLANG_WARN_UNREACHABLE_CODE = YES;
				CLANG_WARN__DUPLICATE_METHOD_MATCH = YES;
				COPY_PHASE_STRIP = NO;
				DEBUG_INFORMATION_FORMAT = "dwarf-with-dsym";
				DEVELOPMENT_TEAM = YBD3AD74KG;
				ENABLE_NS_ASSERTIONS = NO;
				ENABLE_STRICT_OBJC_MSGSEND = YES;
				ENABLE_USER_SCRIPT_SANDBOXING = YES;
				GCC_C_LANGUAGE_STANDARD = gnu17;
				GCC_NO_COMMON_BLOCKS = YES;
				GCC_WARN_64_TO_32_BIT_CONVERSION = YES;
				GCC_WARN_ABOUT_RETURN_TYPE = YES_ERROR;
				GCC_WARN_UNDECLARED_SELECTOR = YES;
				GCC_WARN_UNINITIALIZED_AUTOS = YES_AGGRESSIVE;
				GCC_WARN_UNUSED_FUNCTION = YES;
				GCC_WARN_UNUSED_VARIABLE = YES;
				IPHONEOS_DEPLOYMENT_TARGET = 26.0;
				LOCALIZATION_PREFERS_STRING_CATALOGS = YES;
				MTL_ENABLE_DEBUG_INFO = NO;
				MTL_FAST_MATH = YES;
				SDKROOT = iphoneos;
				SWIFT_COMPILATION_MODE = wholemodule;
				SWIFT_EMIT_LOC_STRINGS = YES;
				VALIDATE_PRODUCT = YES;
			};
			name = Release;
		};
		EBA026402EA1CC150010F32D /* Debug */ = {
			isa = XCBuildConfiguration;
			buildSettings = {
				ASSETCATALOG_COMPILER_APPICON_NAME = AppIcon;
				ASSETCATALOG_COMPILER_GLOBAL_ACCENT_COLOR_NAME = AccentColor;
				CLANG_ENABLE_MODULES = YES;
				CODE_SIGN_ENTITLEMENTS = "Timetable DSW/Timetable DSW.entitlements";
				CODE_SIGN_STYLE = Automatic;
				CURRENT_PROJECT_VERSION = 1;
				DEBUG_INFORMATION_FORMAT = "dwarf-with-dsym";
				DEVELOPMENT_TEAM = 4L4UDM2XTU;
				ENABLE_PREVIEWS = YES;
				GENERATE_INFOPLIST_FILE = YES;
				INFOPLIST_FILE = "Timetable-DSW-Info.plist";
				INFOPLIST_KEY_CFBundleDisplayName = Timetable;
				INFOPLIST_KEY_ITSAppUsesNonExemptEncryption = NO;
				INFOPLIST_KEY_NSUserTrackingUsageDescription = "We use your device identifier (IDFA) to show relevant ads and support the app through advertising.";
				INFOPLIST_KEY_UIApplicationSceneManifest_Generation = YES;
				INFOPLIST_KEY_UIApplicationSupportsIndirectInputEvents = YES;
				INFOPLIST_KEY_UILaunchScreen_Generation = YES;
				INFOPLIST_KEY_UILaunchStoryboardName = "Launch Screen";
				INFOPLIST_KEY_UISupportedInterfaceOrientations = UIInterfaceOrientationPortrait;
				INFOPLIST_KEY_UISupportedInterfaceOrientations_iPad = "UIInterfaceOrientationLandscapeLeft UIInterfaceOrientationLandscapeRight UIInterfaceOrientationPortrait UIInterfaceOrientationPortraitUpsideDown";
				IPHONEOS_DEPLOYMENT_TARGET = 18.0;
				LD_RUNPATH_SEARCH_PATHS = (
					"$(inherited)",
					"@executable_path/Frameworks",
				);
				MARKETING_VERSION = 1.0.3;
				OTHER_LDFLAGS = "-ObjC";
				PRODUCT_BUNDLE_IDENTIFIER = "org.laptenok.Timetable-DSW.rl";
				PRODUCT_NAME = "$(TARGET_NAME)";
				STRING_CATALOG_GENERATE_SYMBOLS = YES;
				SUPPORTED_PLATFORMS = "iphoneos iphonesimulator";
				SUPPORTS_MACCATALYST = NO;
				SUPPORTS_MAC_DESIGNED_FOR_IPHONE_IPAD = NO;
				SUPPORTS_XR_DESIGNED_FOR_IPHONE_IPAD = NO;
				SWIFT_APPROACHABLE_CONCURRENCY = YES;
				SWIFT_DEFAULT_ACTOR_ISOLATION = MainActor;
				SWIFT_EMIT_LOC_STRINGS = YES;
				SWIFT_OPTIMIZATION_LEVEL = "-Onone";
				SWIFT_UPCOMING_FEATURE_MEMBER_IMPORT_VISIBILITY = YES;
				SWIFT_VERSION = 5.0;
				TARGETED_DEVICE_FAMILY = 1;
			};
			name = Debug;
		};
		EBA026412EA1CC150010F32D /* Release */ = {
			isa = XCBuildConfiguration;
			buildSettings = {
				ASSETCATALOG_COMPILER_APPICON_NAME = AppIcon;
				ASSETCATALOG_COMPILER_GLOBAL_ACCENT_COLOR_NAME = AccentColor;
				CLANG_ENABLE_MODULES = YES;
				CODE_SIGN_ENTITLEMENTS = "Timetable DSW/Timetable DSW.entitlements";
				CODE_SIGN_STYLE = Automatic;
				CURRENT_PROJECT_VERSION = 1;
				DEVELOPMENT_TEAM = 4L4UDM2XTU;
				ENABLE_PREVIEWS = YES;
				GENERATE_INFOPLIST_FILE = YES;
				INFOPLIST_FILE = "Timetable-DSW-Info.plist";
				INFOPLIST_KEY_CFBundleDisplayName = Timetable;
				INFOPLIST_KEY_ITSAppUsesNonExemptEncryption = NO;
				INFOPLIST_KEY_NSUserTrackingUsageDescription = "We use your device identifier (IDFA) to show relevant ads and support the app through advertising.";
				INFOPLIST_KEY_UIApplicationSceneManifest_Generation = YES;
				INFOPLIST_KEY_UIApplicationSupportsIndirectInputEvents = YES;
				INFOPLIST_KEY_UILaunchScreen_Generation = YES;
				INFOPLIST_KEY_UILaunchStoryboardName = "Launch Screen";
				INFOPLIST_KEY_UISupportedInterfaceOrientations = UIInterfaceOrientationPortrait;
				INFOPLIST_KEY_UISupportedInterfaceOrientations_iPad = "UIInterfaceOrientationLandscapeLeft UIInterfaceOrientationLandscapeRight UIInterfaceOrientationPortrait UIInterfaceOrientationPortraitUpsideDown";
				IPHONEOS_DEPLOYMENT_TARGET = 18.0;
				LD_RUNPATH_SEARCH_PATHS = (
					"$(inherited)",
					"@executable_path/Frameworks",
				);
				MARKETING_VERSION = 1.0.3;
				OTHER_LDFLAGS = "-ObjC";
				PRODUCT_BUNDLE_IDENTIFIER = "org.laptenok.Timetable-DSW.rl";
				PRODUCT_NAME = "$(TARGET_NAME)";
				STRING_CATALOG_GENERATE_SYMBOLS = YES;
				SUPPORTED_PLATFORMS = "iphoneos iphonesimulator";
				SUPPORTS_MACCATALYST = NO;
				SUPPORTS_MAC_DESIGNED_FOR_IPHONE_IPAD = NO;
				SUPPORTS_XR_DESIGNED_FOR_IPHONE_IPAD = NO;
				SWIFT_APPROACHABLE_CONCURRENCY = YES;
				SWIFT_DEFAULT_ACTOR_ISOLATION = MainActor;
				SWIFT_EMIT_LOC_STRINGS = YES;
				SWIFT_UPCOMING_FEATURE_MEMBER_IMPORT_VISIBILITY = YES;
				SWIFT_VERSION = 5.0;
				TARGETED_DEVICE_FAMILY = 1;
			};
			name = Release;
		};
/* End XCBuildConfiguration section */

/* Begin XCConfigurationList section */
		EB82BC882EAAB6F1005FDC0B /* Build configuration list for PBXNativeTarget "TimetableWidgetExtension" */ = {
			isa = XCConfigurationList;
			buildConfigurations = (
				EB82BC892EAAB6F1005FDC0B /* Debug */,
				EB82BC8A2EAAB6F1005FDC0B /* Release */,
			);
			defaultConfigurationIsVisible = 0;
			defaultConfigurationName = Release;
		};
		EBA0262F2EA1CC140010F32D /* Build configuration list for PBXProject "Timetable DSW" */ = {
			isa = XCConfigurationList;
			buildConfigurations = (
				EBA0263D2EA1CC150010F32D /* Debug */,
				EBA0263E2EA1CC150010F32D /* Release */,
			);
			defaultConfigurationIsVisible = 0;
			defaultConfigurationName = Release;
		};
		EBA0263F2EA1CC150010F32D /* Build configuration list for PBXNativeTarget "Timetable DSW" */ = {
			isa = XCConfigurationList;
			buildConfigurations = (
				EBA026402EA1CC150010F32D /* Debug */,
				EBA026412EA1CC150010F32D /* Release */,
			);
			defaultConfigurationIsVisible = 0;
			defaultConfigurationName = Release;
		};
/* End XCConfigurationList section */

/* Begin XCRemoteSwiftPackageReference section */
		EB4161772EAD8A9000BC4B50 /* XCRemoteSwiftPackageReference "firebase-ios-sdk" */ = {
			isa = XCRemoteSwiftPackageReference;
			repositoryURL = "https://github.com/firebase/firebase-ios-sdk.git";
			requirement = {
				kind = upToNextMajorVersion;
				minimumVersion = 12.4.0;
			};
		};
		EB4A63FD2EA67EA300EACBDE /* XCRemoteSwiftPackageReference "swift-package-manager-google-mobile-ads" */ = {
			isa = XCRemoteSwiftPackageReference;
			repositoryURL = "https://github.com/googleads/swift-package-manager-google-mobile-ads.git";
			requirement = {
				kind = upToNextMajorVersion;
				minimumVersion = 12.12.0;
			};
		};
		EB6FBF7A2EA79D2D00A4740E /* XCRemoteSwiftPackageReference "LBTATools" */ = {
			isa = XCRemoteSwiftPackageReference;
			repositoryURL = "https://github.com/bhlvoong/LBTATools";
			requirement = {
				kind = upToNextMajorVersion;
				minimumVersion = 1.0.17;
			};
		};
/* End XCRemoteSwiftPackageReference section */

/* Begin XCSwiftPackageProductDependency section */
		EB4161732EAD8A4200BC4B50 /* FirebaseCore */ = {
			isa = XCSwiftPackageProductDependency;
			productName = FirebaseCore;
		};
		EB4161752EAD8A4200BC4B50 /* FirebaseCrashlytics */ = {
			isa = XCSwiftPackageProductDependency;
			productName = FirebaseCrashlytics;
		};
		EB4161782EAD8A9000BC4B50 /* FirebaseAnalytics */ = {
			isa = XCSwiftPackageProductDependency;
			package = EB4161772EAD8A9000BC4B50 /* XCRemoteSwiftPackageReference "firebase-ios-sdk" */;
			productName = FirebaseAnalytics;
		};
		EB41617A2EAD8A9000BC4B50 /* FirebaseAnalyticsCore */ = {
			isa = XCSwiftPackageProductDependency;
			package = EB4161772EAD8A9000BC4B50 /* XCRemoteSwiftPackageReference "firebase-ios-sdk" */;
			productName = FirebaseAnalyticsCore;
		};
		EB41617C2EAD8A9000BC4B50 /* FirebaseCore */ = {
			isa = XCSwiftPackageProductDependency;
			package = EB4161772EAD8A9000BC4B50 /* XCRemoteSwiftPackageReference "firebase-ios-sdk" */;
			productName = FirebaseCore;
		};
		EB41617E2EAD8A9000BC4B50 /* FirebaseCrashlytics */ = {
			isa = XCSwiftPackageProductDependency;
			package = EB4161772EAD8A9000BC4B50 /* XCRemoteSwiftPackageReference "firebase-ios-sdk" */;
			productName = FirebaseCrashlytics;
		};
		EB4A63FE2EA67EA300EACBDE /* GoogleMobileAds */ = {
			isa = XCSwiftPackageProductDependency;
			package = EB4A63FD2EA67EA300EACBDE /* XCRemoteSwiftPackageReference "swift-package-manager-google-mobile-ads" */;
			productName = GoogleMobileAds;
		};
		EB6FBF7B2EA79D2D00A4740E /* LBTATools */ = {
			isa = XCSwiftPackageProductDependency;
			package = EB6FBF7A2EA79D2D00A4740E /* XCRemoteSwiftPackageReference "LBTATools" */;
			productName = LBTATools;
		};
/* End XCSwiftPackageProductDependency section */
	};
	rootObject = EBA0262C2EA1CC140010F32D /* Project object */;
}
